
Microsoft Visual Studio Solution File, Format Version 12.00
# Visual Studio Version 17
VisualStudioVersion = 17.7.34031.279
MinimumVisualStudioVersion = 10.0.40219.1
Project("{FAE04EC0-301F-11D3-BF4B-00C04F79EFBC}") = "RestaurantAPI", "RestaurantAPI\RestaurantAPI.csproj", "{D69A06AD-C52E-4D0B-A2B6-413C3B88E7B6}"
EndProject
Global
	GlobalSection(SolutionConfigurationPlatforms) = preSolution
		Debug|Any CPU = Debug|Any CPU
		Release|Any CPU = Release|Any CPU
	EndGlobalSection
	GlobalSection(ProjectConfigurationPlatforms) = postSolution
		{D69A06AD-C52E-4D0B-A2B6-413C3B88E7B6}.Debug|Any CPU.ActiveCfg = Debug|Any CPU
		{D69A06AD-C52E-4D0B-A2B6-413C3B88E7B6}.Debug|Any CPU.Build.0 = Debug|Any CPU
		{D69A06AD-C52E-4D0B-A2B6-413C3B88E7B6}.Release|Any CPU.ActiveCfg = Release|Any CPU
		{D69A06AD-C52E-4D0B-A2B6-413C3B88E7B6}.Release|Any CPU.Build.0 = Release|Any CPU
	EndGlobalSection
	GlobalSection(SolutionProperties) = preSolution
		HideSolutionNode = FALSE
	EndGlobalSection
	GlobalSection(ExtensibilityGlobals) = postSolution
		SolutionGuid = {9951F0FA-3076-4FBF-AE56-C91B8F1C0DE7}
	EndGlobalSection
EndGlobal
